
Microsoft Visual Studio Solution File, Format Version 12.00
# Visual Studio Version 16
VisualStudioVersion = 16.0.29123.88
MinimumVisualStudioVersion = 10.0.40219.1
Project("{9A19103F-16F7-4668-BE54-9A1E7A4F7556}") = "txr", "txr.csproj", "{1A0185D9-5E2C-428D-BDBF-D55D59435980}"
EndProject
Project("{FAE04EC0-301F-11D3-BF4B-00C04F79EFBC}") = "BDJson", "..\BDJson\BDJson.csproj", "{2287C92E-469F-4F25-973E-245C7D8BE687}"
EndProject
Global
	GlobalSection(SolutionConfigurationPlatforms) = preSolution
		Debug|Any CPU = Debug|Any CPU
		Release|Any CPU = Release|Any CPU
	EndGlobalSection
	GlobalSection(ProjectConfigurationPlatforms) = postSolution
		{1A0185D9-5E2C-428D-BDBF-D55D59435980}.Debug|Any CPU.ActiveCfg = Debug|Any CPU
		{1A0185D9-5E2C-428D-BDBF-D55D59435980}.Debug|Any CPU.Build.0 = Debug|Any CPU
		{1A0185D9-5E2C-428D-BDBF-D55D59435980}.Release|Any CPU.ActiveCfg = Release|Any CPU
		{1A0185D9-5E2C-428D-BDBF-D55D59435980}.Release|Any CPU.Build.0 = Release|Any CPU
		{2287C92E-469F-4F25-973E-245C7D8BE687}.Debug|Any CPU.ActiveCfg = Debug|Any CPU
		{2287C92E-469F-4F25-973E-245C7D8BE687}.Debug|Any CPU.Build.0 = Debug|Any CPU
		{2287C92E-469F-4F25-973E-245C7D8BE687}.Release|Any CPU.ActiveCfg = Release|Any CPU
		{2287C92E-469F-4F25-973E-245C7D8BE687}.Release|Any CPU.Build.0 = Release|Any CPU
	EndGlobalSection
	GlobalSection(SolutionProperties) = preSolution
		HideSolutionNode = FALSE
	EndGlobalSection
	GlobalSection(ExtensibilityGlobals) = postSolution
		SolutionGuid = {D4F6387A-D98F-449C-810D-8E2B4CA95F1B}
	EndGlobalSection
EndGlobal
